
Microsoft Visual Studio Solution File, Format Version 12.00
# Visual Studio 15
VisualStudioVersion = 15.0.28307.705
MinimumVisualStudioVersion = 10.0.40219.1
Project("{FAE04EC0-301F-11D3-BF4B-00C04F79EFBC}") = "FrequencyPairChars", "FrequencyPairChars\FrequencyPairChars.csproj", "{AA4DF447-40DB-4818-BE16-595AE2DF503E}"
EndProject
Global
	GlobalSection(SolutionConfigurationPlatforms) = preSolution
		Debug|Any CPU = Debug|Any CPU
		Release|Any CPU = Release|Any CPU
	EndGlobalSection
	GlobalSection(ProjectConfigurationPlatforms) = postSolution
		{AA4DF447-40DB-4818-BE16-595AE2DF503E}.Debug|Any CPU.ActiveCfg = Debug|Any CPU
		{AA4DF447-40DB-4818-BE16-595AE2DF503E}.Debug|Any CPU.Build.0 = Debug|Any CPU
		{AA4DF447-40DB-4818-BE16-595AE2DF503E}.Release|Any CPU.ActiveCfg = Release|Any CPU
		{AA4DF447-40DB-4818-BE16-595AE2DF503E}.Release|Any CPU.Build.0 = Release|Any CPU
	EndGlobalSection
	GlobalSection(SolutionProperties) = preSolution
		HideSolutionNode = FALSE
	EndGlobalSection
	GlobalSection(ExtensibilityGlobals) = postSolution
		SolutionGuid = {CCA730E3-0F9D-4C1D-B7ED-228323F5C102}
	EndGlobalSection
EndGlobal
